
Microsoft Visual Studio Solution File, Format Version 12.00
# Visual Studio 15
VisualStudioVersion = 15.0.26403.7
MinimumVisualStudioVersion = 10.0.40219.1
Project("{FAE04EC0-301F-11D3-BF4B-00C04F79EFBC}") = "WpfLinePerformance", "WpfLinePerformance\WpfLinePerformance.csproj", "{BCA67B9A-E7F3-4715-998B-E15FF46DB81F}"
EndProject
Project("{FAE04EC0-301F-11D3-BF4B-00C04F79EFBC}") = "Core", "Core\Core.csproj", "{C12DEE7C-CCFB-46FB-9375-82A7E9E0237E}"
EndProject
Global
	GlobalSection(SolutionConfigurationPlatforms) = preSolution
		Debug|Any CPU = Debug|Any CPU
		Release|Any CPU = Release|Any CPU
	EndGlobalSection
	GlobalSection(ProjectConfigurationPlatforms) = postSolution
		{BCA67B9A-E7F3-4715-998B-E15FF46DB81F}.Debug|Any CPU.ActiveCfg = Debug|Any CPU
		{BCA67B9A-E7F3-4715-998B-E15FF46DB81F}.Debug|Any CPU.Build.0 = Debug|Any CPU
		{BCA67B9A-E7F3-4715-998B-E15FF46DB81F}.Release|Any CPU.ActiveCfg = Release|Any CPU
		{BCA67B9A-E7F3-4715-998B-E15FF46DB81F}.Release|Any CPU.Build.0 = Release|Any CPU
		{C12DEE7C-CCFB-46FB-9375-82A7E9E0237E}.Debug|Any CPU.ActiveCfg = Debug|Any CPU
		{C12DEE7C-CCFB-46FB-9375-82A7E9E0237E}.Debug|Any CPU.Build.0 = Debug|Any CPU
		{C12DEE7C-CCFB-46FB-9375-82A7E9E0237E}.Release|Any CPU.ActiveCfg = Release|Any CPU
		{C12DEE7C-CCFB-46FB-9375-82A7E9E0237E}.Release|Any CPU.Build.0 = Release|Any CPU
	EndGlobalSection
	GlobalSection(SolutionProperties) = preSolution
		HideSolutionNode = FALSE
	EndGlobalSection
EndGlobal
