
Microsoft Visual Studio Solution File, Format Version 12.00
# Visual Studio 14
VisualStudioVersion = 14.0.25420.1
MinimumVisualStudioVersion = 10.0.40219.1
Project("{FAE04EC0-301F-11D3-BF4B-00C04F79EFBC}") = "Chart01Sample", "Chart01Sample\Chart01Sample.csproj", "{9ABEA8BB-8AB2-4BF2-8044-748D013A840B}"
EndProject
Global
	GlobalSection(SolutionConfigurationPlatforms) = preSolution
		Debug|Any CPU = Debug|Any CPU
		Release|Any CPU = Release|Any CPU
	EndGlobalSection
	GlobalSection(ProjectConfigurationPlatforms) = postSolution
		{9ABEA8BB-8AB2-4BF2-8044-748D013A840B}.Debug|Any CPU.ActiveCfg = Debug|Any CPU
		{9ABEA8BB-8AB2-4BF2-8044-748D013A840B}.Debug|Any CPU.Build.0 = Debug|Any CPU
		{9ABEA8BB-8AB2-4BF2-8044-748D013A840B}.Release|Any CPU.ActiveCfg = Release|Any CPU
		{9ABEA8BB-8AB2-4BF2-8044-748D013A840B}.Release|Any CPU.Build.0 = Release|Any CPU
	EndGlobalSection
	GlobalSection(SolutionProperties) = preSolution
		HideSolutionNode = FALSE
	EndGlobalSection
EndGlobal
