
Microsoft Visual Studio Solution File, Format Version 12.00
# Visual Studio 2013
VisualStudioVersion = 12.0.40629.0
MinimumVisualStudioVersion = 10.0.40219.1
Project("{FAE04EC0-301F-11D3-BF4B-00C04F79EFBC}") = "T4SampleProject", "T4SampleProject\T4SampleProject.csproj", "{0213554D-2110-4B3B-910F-E350F61C135B}"
EndProject
Project("{FAE04EC0-301F-11D3-BF4B-00C04F79EFBC}") = "Template.Core", "Template.Core\Template.Core.csproj", "{156174FD-63D1-4C27-8490-4930C56BE6BB}"
EndProject
Global
	GlobalSection(SolutionConfigurationPlatforms) = preSolution
		Debug|Any CPU = Debug|Any CPU
		Release|Any CPU = Release|Any CPU
	EndGlobalSection
	GlobalSection(ProjectConfigurationPlatforms) = postSolution
		{0213554D-2110-4B3B-910F-E350F61C135B}.Debug|Any CPU.ActiveCfg = Debug|Any CPU
		{0213554D-2110-4B3B-910F-E350F61C135B}.Debug|Any CPU.Build.0 = Debug|Any CPU
		{0213554D-2110-4B3B-910F-E350F61C135B}.Release|Any CPU.ActiveCfg = Release|Any CPU
		{0213554D-2110-4B3B-910F-E350F61C135B}.Release|Any CPU.Build.0 = Release|Any CPU
		{156174FD-63D1-4C27-8490-4930C56BE6BB}.Debug|Any CPU.ActiveCfg = Debug|Any CPU
		{156174FD-63D1-4C27-8490-4930C56BE6BB}.Debug|Any CPU.Build.0 = Debug|Any CPU
		{156174FD-63D1-4C27-8490-4930C56BE6BB}.Release|Any CPU.ActiveCfg = Release|Any CPU
		{156174FD-63D1-4C27-8490-4930C56BE6BB}.Release|Any CPU.Build.0 = Release|Any CPU
	EndGlobalSection
	GlobalSection(SolutionProperties) = preSolution
		HideSolutionNode = FALSE
	EndGlobalSection
EndGlobal
