
Microsoft Visual Studio Solution File, Format Version 12.00
# Visual Studio 14
VisualStudioVersion = 14.0.25420.1
MinimumVisualStudioVersion = 10.0.40219.1
Project("{2150E333-8FDC-42A3-9474-1A3956D46DE8}") = "src", "src", "{50A8B4F4-90EC-488E-B1E8-E9330C33AD3D}"
EndProject
Project("{2150E333-8FDC-42A3-9474-1A3956D46DE8}") = "Debug", "Debug", "{BD339A9F-E738-43C8-A365-9ABD8D3123BD}"
EndProject
Project("{2150E333-8FDC-42A3-9474-1A3956D46DE8}") = "Tool", "Tool", "{0E04A54D-97BF-40A2-A617-76363E47EE3C}"
EndProject
Project("{2150E333-8FDC-42A3-9474-1A3956D46DE8}") = "Sample", "Sample", "{283F340C-86F5-4ACA-86F2-2A0B676B80B0}"
EndProject
Project("{FAE04EC0-301F-11D3-BF4B-00C04F79EFBC}") = "JenkinsNotificationTool", "src\JenkinsNotificationTool\JenkinsNotificationTool.csproj", "{62DCF7ED-D36B-4A37-90C8-BD6D0E5C72FB}"
EndProject
Project("{FAE04EC0-301F-11D3-BF4B-00C04F79EFBC}") = "WebSocket4Net_Sample", "Sample\WebSocket4Net_Sample\WebSocket4Net_Sample.csproj", "{DCF1CF22-95A6-4A71-8E40-4D31F5054C31}"
EndProject
Project("{FAE04EC0-301F-11D3-BF4B-00C04F79EFBC}") = "JenkinsNotification.CustomControls", "src\JenkinsNotification.CustomControls\JenkinsNotification.CustomControls.csproj", "{7189B038-6EE8-4D9C-AB53-9279ABB7CA09}"
EndProject
Project("{FAE04EC0-301F-11D3-BF4B-00C04F79EFBC}") = "NotifyIconSample", "Sample\NotifyIconSample\NotifyIconSample.csproj", "{B4090A19-3080-4ECC-9C2F-7EE32FB5FA1B}"
EndProject
Project("{FAE04EC0-301F-11D3-BF4B-00C04F79EFBC}") = "JenkinsNotification.Core", "src\JenkinsNotification.Core\JenkinsNotification.Core.csproj", "{DD22EB0E-AD3C-49BB-9A37-AD58D67E8CD4}"
EndProject
Project("{2150E333-8FDC-42A3-9474-1A3956D46DE8}") = "Tests", "Tests", "{D04D0105-88BA-4C48-9E60-FC76AE23E5CF}"
EndProject
Project("{FAE04EC0-301F-11D3-BF4B-00C04F79EFBC}") = "JenkinsNotificationTool.Tests", "Tests\JenkinsNotificationTool.Tests\JenkinsNotificationTool.Tests.csproj", "{D99B447C-A35F-49EF-A7A4-E3F59EB56E06}"
EndProject
Global
	GlobalSection(SolutionConfigurationPlatforms) = preSolution
		Debug|Any CPU = Debug|Any CPU
		Release|Any CPU = Release|Any CPU
	EndGlobalSection
	GlobalSection(ProjectConfigurationPlatforms) = postSolution
		{62DCF7ED-D36B-4A37-90C8-BD6D0E5C72FB}.Debug|Any CPU.ActiveCfg = Debug|Any CPU
		{62DCF7ED-D36B-4A37-90C8-BD6D0E5C72FB}.Debug|Any CPU.Build.0 = Debug|Any CPU
		{62DCF7ED-D36B-4A37-90C8-BD6D0E5C72FB}.Release|Any CPU.ActiveCfg = Release|Any CPU
		{62DCF7ED-D36B-4A37-90C8-BD6D0E5C72FB}.Release|Any CPU.Build.0 = Release|Any CPU
		{DCF1CF22-95A6-4A71-8E40-4D31F5054C31}.Debug|Any CPU.ActiveCfg = Debug|Any CPU
		{DCF1CF22-95A6-4A71-8E40-4D31F5054C31}.Debug|Any CPU.Build.0 = Debug|Any CPU
		{DCF1CF22-95A6-4A71-8E40-4D31F5054C31}.Release|Any CPU.ActiveCfg = Release|Any CPU
		{DCF1CF22-95A6-4A71-8E40-4D31F5054C31}.Release|Any CPU.Build.0 = Release|Any CPU
		{7189B038-6EE8-4D9C-AB53-9279ABB7CA09}.Debug|Any CPU.ActiveCfg = Debug|Any CPU
		{7189B038-6EE8-4D9C-AB53-9279ABB7CA09}.Debug|Any CPU.Build.0 = Debug|Any CPU
		{7189B038-6EE8-4D9C-AB53-9279ABB7CA09}.Release|Any CPU.ActiveCfg = Release|Any CPU
		{7189B038-6EE8-4D9C-AB53-9279ABB7CA09}.Release|Any CPU.Build.0 = Release|Any CPU
		{B4090A19-3080-4ECC-9C2F-7EE32FB5FA1B}.Debug|Any CPU.ActiveCfg = Debug|Any CPU
		{B4090A19-3080-4ECC-9C2F-7EE32FB5FA1B}.Debug|Any CPU.Build.0 = Debug|Any CPU
		{B4090A19-3080-4ECC-9C2F-7EE32FB5FA1B}.Release|Any CPU.ActiveCfg = Release|Any CPU
		{B4090A19-3080-4ECC-9C2F-7EE32FB5FA1B}.Release|Any CPU.Build.0 = Release|Any CPU
		{DD22EB0E-AD3C-49BB-9A37-AD58D67E8CD4}.Debug|Any CPU.ActiveCfg = Debug|Any CPU
		{DD22EB0E-AD3C-49BB-9A37-AD58D67E8CD4}.Debug|Any CPU.Build.0 = Debug|Any CPU
		{DD22EB0E-AD3C-49BB-9A37-AD58D67E8CD4}.Release|Any CPU.ActiveCfg = Release|Any CPU
		{DD22EB0E-AD3C-49BB-9A37-AD58D67E8CD4}.Release|Any CPU.Build.0 = Release|Any CPU
		{D99B447C-A35F-49EF-A7A4-E3F59EB56E06}.Debug|Any CPU.ActiveCfg = Debug|Any CPU
		{D99B447C-A35F-49EF-A7A4-E3F59EB56E06}.Debug|Any CPU.Build.0 = Debug|Any CPU
		{D99B447C-A35F-49EF-A7A4-E3F59EB56E06}.Release|Any CPU.ActiveCfg = Release|Any CPU
		{D99B447C-A35F-49EF-A7A4-E3F59EB56E06}.Release|Any CPU.Build.0 = Release|Any CPU
	EndGlobalSection
	GlobalSection(SolutionProperties) = preSolution
		HideSolutionNode = FALSE
	EndGlobalSection
	GlobalSection(NestedProjects) = preSolution
		{62DCF7ED-D36B-4A37-90C8-BD6D0E5C72FB} = {50A8B4F4-90EC-488E-B1E8-E9330C33AD3D}
		{DCF1CF22-95A6-4A71-8E40-4D31F5054C31} = {283F340C-86F5-4ACA-86F2-2A0B676B80B0}
		{7189B038-6EE8-4D9C-AB53-9279ABB7CA09} = {50A8B4F4-90EC-488E-B1E8-E9330C33AD3D}
		{B4090A19-3080-4ECC-9C2F-7EE32FB5FA1B} = {283F340C-86F5-4ACA-86F2-2A0B676B80B0}
		{DD22EB0E-AD3C-49BB-9A37-AD58D67E8CD4} = {50A8B4F4-90EC-488E-B1E8-E9330C33AD3D}
		{D99B447C-A35F-49EF-A7A4-E3F59EB56E06} = {D04D0105-88BA-4C48-9E60-FC76AE23E5CF}
	EndGlobalSection
EndGlobal
