
Microsoft Visual Studio Solution File, Format Version 12.00
# Visual Studio 15
VisualStudioVersion = 15.0.27703.1
MinimumVisualStudioVersion = 10.0.40219.1
Project("{FAE04EC0-301F-11D3-BF4B-00C04F79EFBC}") = "SkiaSharpExample", "SkiaSharpExample\SkiaSharpExample.csproj", "{9F92E89E-B4D7-4DC6-B5BA-FE10274E4D10}"
EndProject
Global
	GlobalSection(SolutionConfigurationPlatforms) = preSolution
		Debug|Any CPU = Debug|Any CPU
		Release|Any CPU = Release|Any CPU
	EndGlobalSection
	GlobalSection(ProjectConfigurationPlatforms) = postSolution
		{9F92E89E-B4D7-4DC6-B5BA-FE10274E4D10}.Debug|Any CPU.ActiveCfg = Debug|Any CPU
		{9F92E89E-B4D7-4DC6-B5BA-FE10274E4D10}.Debug|Any CPU.Build.0 = Debug|Any CPU
		{9F92E89E-B4D7-4DC6-B5BA-FE10274E4D10}.Release|Any CPU.ActiveCfg = Release|Any CPU
		{9F92E89E-B4D7-4DC6-B5BA-FE10274E4D10}.Release|Any CPU.Build.0 = Release|Any CPU
	EndGlobalSection
	GlobalSection(SolutionProperties) = preSolution
		HideSolutionNode = FALSE
	EndGlobalSection
	GlobalSection(ExtensibilityGlobals) = postSolution
		SolutionGuid = {B0DA99F5-7CAD-483D-8A76-6419BD1220B8}
	EndGlobalSection
EndGlobal
