
Microsoft Visual Studio Solution File, Format Version 12.00
# Visual Studio 14
VisualStudioVersion = 14.0.25420.1
MinimumVisualStudioVersion = 10.0.40219.1
Project("{FAE04EC0-301F-11D3-BF4B-00C04F79EFBC}") = "Chart02Sample", "Chart02Sample\Chart02Sample.csproj", "{7703AAEC-EAF6-4B59-AC31-4B339C8CB97A}"
EndProject
Global
	GlobalSection(SolutionConfigurationPlatforms) = preSolution
		Debug|Any CPU = Debug|Any CPU
		Release|Any CPU = Release|Any CPU
	EndGlobalSection
	GlobalSection(ProjectConfigurationPlatforms) = postSolution
		{7703AAEC-EAF6-4B59-AC31-4B339C8CB97A}.Debug|Any CPU.ActiveCfg = Debug|Any CPU
		{7703AAEC-EAF6-4B59-AC31-4B339C8CB97A}.Debug|Any CPU.Build.0 = Debug|Any CPU
		{7703AAEC-EAF6-4B59-AC31-4B339C8CB97A}.Release|Any CPU.ActiveCfg = Release|Any CPU
		{7703AAEC-EAF6-4B59-AC31-4B339C8CB97A}.Release|Any CPU.Build.0 = Release|Any CPU
	EndGlobalSection
	GlobalSection(SolutionProperties) = preSolution
		HideSolutionNode = FALSE
	EndGlobalSection
EndGlobal
